// !$*UTF8*$!
{
	archiveVersion = 1;
	classes = {
	};
	objectVersion = 50;
	objects = {

/* Begin PBXBuildFile section */
		2AEDEDBE2547C99300F24680 /* AppDelegate.swift in Sources */ = {isa = PBXBuildFile; fileRef = 2AEDEDBD2547C99300F24680 /* AppDelegate.swift */; };
		2AEDEDC02547C99300F24680 /* SceneDelegate.swift in Sources */ = {isa = PBXBuildFile; fileRef = 2AEDEDBF2547C99300F24680 /* SceneDelegate.swift */; };
		2AEDEDC22547C99300F24680 /* ViewController.swift in Sources */ = {isa = PBXBuildFile; fileRef = 2AEDEDC12547C99300F24680 /* ViewController.swift */; };
		2AEDEDC52547C99300F24680 /* Main.storyboard in Resources */ = {isa = PBXBuildFile; fileRef = 2AEDEDC32547C99300F24680 /* Main.storyboard */; };
		2AEDEDC72547C99600F24680 /* Assets.xcassets in Resources */ = {isa = PBXBuildFile; fileRef = 2AEDEDC62547C99600F24680 /* Assets.xcassets */; };
		2AEDEDCA2547C99600F24680 /* LaunchScreen.storyboard in Resources */ = {isa = PBXBuildFile; fileRef = 2AEDEDC82547C99600F24680 /* LaunchScreen.storyboard */; };
		2AEDEDD52547C99600F24680 /* PushMessengerExampleTests.swift in Sources */ = {isa = PBXBuildFile; fileRef = 2AEDEDD42547C99600F24680 /* PushMessengerExampleTests.swift */; };
		2AEDEDE02547C99600F24680 /* PushMessengerExampleUITests.swift in Sources */ = {isa = PBXBuildFile; fileRef = 2AEDEDDF2547C99600F24680 /* PushMessengerExampleUITests.swift */; };
/* End PBXBuildFile section */

/* Begin PBXContainerItemProxy section */
		2AEDEDD12547C99600F24680 /* PBXContainerItemProxy */ = {
			isa = PBXContainerItemProxy;
			containerPortal = 2AEDEDB22547C99300F24680 /* Project object */;
			proxyType = 1;
			remoteGlobalIDString = 2AEDEDB92547C99300F24680;
			remoteInfo = PushMessengerExample;
		};
		2AEDEDDC2547C99600F24680 /* PBXContainerItemProxy */ = {
			isa = PBXContainerItemProxy;
			containerPortal = 2AEDEDB22547C99300F24680 /* Project object */;
			proxyType = 1;
			remoteGlobalIDString = 2AEDEDB92547C99300F24680;
			remoteInfo = PushMessengerExample;
		};
/* End PBXContainerItemProxy section */

/* Begin PBXFileReference section */
		2AEDEDBA2547C99300F24680 /* PushMessengerExample.app */ = {isa = PBXFileReference; explicitFileType = wrapper.application; includeInIndex = 0; path = PushMessengerExample.app; sourceTree = BUILT_PRODUCTS_DIR; };
		2AEDEDBD2547C99300F24680 /* AppDelegate.swift */ = {isa = PBXFileReference; lastKnownFileType = sourcecode.swift; path = AppDelegate.swift; sourceTree = "<group>"; };
		2AEDEDBF2547C99300F24680 /* SceneDelegate.swift */ = {isa = PBXFileReference; lastKnownFileType = sourcecode.swift; path = SceneDelegate.swift; sourceTree = "<group>"; };
		2AEDEDC12547C99300F24680 /* ViewController.swift */ = {isa = PBXFileReference; lastKnownFileType = sourcecode.swift; path = ViewController.swift; sourceTree = "<group>"; };
		2AEDEDC42547C99300F24680 /* Base */ = {isa = PBXFileReference; lastKnownFileType = file.storyboard; name = Base; path = Base.lproj/Main.storyboard; sourceTree = "<group>"; };
		2AEDEDC62547C99600F24680 /* Assets.xcassets */ = {isa = PBXFileReference; lastKnownFileType = folder.assetcatalog; path = Assets.xcassets; sourceTree = "<group>"; };
		2AEDEDC92547C99600F24680 /* Base */ = {isa = PBXFileReference; lastKnownFileType = file.storyboard; name = Base; path = Base.lproj/LaunchScreen.storyboard; sourceTree = "<group>"; };
		2AEDEDCB2547C99600F24680 /* Info.plist */ = {isa = PBXFileReference; lastKnownFileType = text.plist.xml; path = Info.plist; sourceTree = "<group>"; };
		2AEDEDD02547C99600F24680 /* PushMessengerExampleTests.xctest */ = {isa = PBXFileReference; explicitFileType = wrapper.cfbundle; includeInIndex = 0; path = PushMessengerExampleTests.xctest; sourceTree = BUILT_PRODUCTS_DIR; };
		2AEDEDD42547C99600F24680 /* PushMessengerExampleTests.swift */ = {isa = PBXFileReference; lastKnownFileType = sourcecode.swift; path = PushMessengerExampleTests.swift; sourceTree = "<group>"; };
		2AEDEDD62547C99600F24680 /* Info.plist */ = {isa = PBXFileReference; lastKnownFileType = text.plist.xml; path = Info.plist; sourceTree = "<group>"; };
		2AEDEDDB2547C99600F24680 /* PushMessengerExampleUITests.xctest */ = {isa = PBXFileReference; explicitFileType = wrapper.cfbundle; includeInIndex = 0; path = PushMessengerExampleUITests.xctest; sourceTree = BUILT_PRODUCTS_DIR; };
		2AEDEDDF2547C99600F24680 /* PushMessengerExampleUITests.swift */ = {isa = PBXFileReference; lastKnownFileType = sourcecode.swift; path = PushMessengerExampleUITests.swift; sourceTree = "<group>"; };
		2AEDEDE12547C99600F24680 /* Info.plist */ = {isa = PBXFileReference; lastKnownFileType = text.plist.xml; path = Info.plist; sourceTree = "<group>"; };
/* End PBXFileReference section */

/* Begin PBXFrameworksBuildPhase section */
		2AEDEDB72547C99300F24680 /* Frameworks */ = {
			isa = PBXFrameworksBuildPhase;
			buildActionMask = 2147483647;
			files = (
			);
			runOnlyForDeploymentPostprocessing = 0;
		};
		2AEDEDCD2547C99600F24680 /* Frameworks */ = {
			isa = PBXFrameworksBuildPhase;
			buildActionMask = 2147483647;
			files = (
			);
			runOnlyForDeploymentPostprocessing = 0;
		};
		2AEDEDD82547C99600F24680 /* Frameworks */ = {
			isa = PBXFrameworksBuildPhase;
			buildActionMask = 2147483647;
			files = (
			);
			runOnlyForDeploymentPostprocessing = 0;
		};
/* End PBXFrameworksBuildPhase section */

/* Begin PBXGroup section */
		2AEDEDB12547C99300F24680 = {
			isa = PBXGroup;
			children = (
				2AEDEDBC2547C99300F24680 /* PushMessengerExample */,
				2AEDEDD32547C99600F24680 /* PushMessengerExampleTests */,
				2AEDEDDE2547C99600F24680 /* PushMessengerExampleUITests */,
				2AEDEDBB2547C99300F24680 /* Products */,
			);
			sourceTree = "<group>";
		};
		2AEDEDBB2547C99300F24680 /* Products */ = {
			isa = PBXGroup;
			children = (
				2AEDEDBA2547C99300F24680 /* PushMessengerExample.app */,
				2AEDEDD02547C99600F24680 /* PushMessengerExampleTests.xctest */,
				2AEDEDDB2547C99600F24680 /* PushMessengerExampleUITests.xctest */,
			);
			name = Products;
			sourceTree = "<group>";
		};
		2AEDEDBC2547C99300F24680 /* PushMessengerExample */ = {
			isa = PBXGroup;
			children = (
				2AEDEDBD2547C99300F24680 /* AppDelegate.swift */,
				2AEDEDBF2547C99300F24680 /* SceneDelegate.swift */,
				2AEDEDC12547C99300F24680 /* ViewController.swift */,
				2AEDEDC32547C99300F24680 /* Main.storyboard */,
				2AEDEDC62547C99600F24680 /* Assets.xcassets */,
				2AEDEDC82547C99600F24680 /* LaunchScreen.storyboard */,
				2AEDEDCB2547C99600F24680 /* Info.plist */,
			);
			path = PushMessengerExample;
			sourceTree = "<group>";
		};
		2AEDEDD32547C99600F24680 /* PushMessengerExampleTests */ = {
			isa = PBXGroup;
			children = (
				2AEDEDD42547C99600F24680 /* PushMessengerExampleTests.swift */,
				2AEDEDD62547C99600F24680 /* Info.plist */,
			);
			path = PushMessengerExampleTests;
			sourceTree = "<group>";
		};
		2AEDEDDE2547C99600F24680 /* PushMessengerExampleUITests */ = {
			isa = PBXGroup;
			children = (
				2AEDEDDF2547C99600F24680 /* PushMessengerExampleUITests.swift */,
				2AEDEDE12547C99600F24680 /* Info.plist */,
			);
			path = PushMessengerExampleUITests;
			sourceTree = "<group>";
		};
/* End PBXGroup section */

/* Begin PBXNativeTarget section */
		2AEDEDB92547C99300F24680 /* PushMessengerExample */ = {
			isa = PBXNativeTarget;
			buildConfigurationList = 2AEDEDE42547C99600F24680 /* Build configuration list for PBXNativeTarget "PushMessengerExample" */;
			buildPhases = (
				2AEDEDB62547C99300F24680 /* Sources */,
				2AEDEDB72547C99300F24680 /* Frameworks */,
				2AEDEDB82547C99300F24680 /* Resources */,
			);
			buildRules = (
			);
			dependencies = (
			);
			name = PushMessengerExample;
			productName = PushMessengerExample;
			productReference = 2AEDEDBA2547C99300F24680 /* PushMessengerExample.app */;
			productType = "com.apple.product-type.application";
		};
		2AEDEDCF2547C99600F24680 /* PushMessengerExampleTests */ = {
			isa = PBXNativeTarget;
			buildConfigurationList = 2AEDEDE72547C99600F24680 /* Build configuration list for PBXNativeTarget "PushMessengerExampleTests" */;
			buildPhases = (
				2AEDEDCC2547C99600F24680 /* Sources */,
				2AEDEDCD2547C99600F24680 /* Frameworks */,
				2AEDEDCE2547C99600F24680 /* Resources */,
			);
			buildRules = (
			);
			dependencies = (
				2AEDEDD22547C99600F24680 /* PBXTargetDependency */,
			);
			name = PushMessengerExampleTests;
			productName = PushMessengerExampleTests;
			productReference = 2AEDEDD02547C99600F24680 /* PushMessengerExampleTests.xctest */;
			productType = "com.apple.product-type.bundle.unit-test";
		};
		2AEDEDDA2547C99600F24680 /* PushMessengerExampleUITests */ = {
			isa = PBXNativeTarget;
			buildConfigurationList = 2AEDEDEA2547C99600F24680 /* Build configuration list for PBXNativeTarget "PushMessengerExampleUITests" */;
			buildPhases = (
				2AEDEDD72547C99600F24680 /* Sources */,
				2AEDEDD82547C99600F24680 /* Frameworks */,
				2AEDEDD92547C99600F24680 /* Resources */,
			);
			buildRules = (
			);
			dependencies = (
				2AEDEDDD2547C99600F24680 /* PBXTargetDependency */,
			);
			name = PushMessengerExampleUITests;
			productName = PushMessengerExampleUITests;
			productReference = 2AEDEDDB2547C99600F24680 /* PushMessengerExampleUITests.xctest */;
			productType = "com.apple.product-type.bundle.ui-testing";
		};
/* End PBXNativeTarget section */

/* Begin PBXProject section */
		2AEDEDB22547C99300F24680 /* Project object */ = {
			isa = PBXProject;
			attributes = {
				LastSwiftUpdateCheck = 1210;
				LastUpgradeCheck = 1210;
				TargetAttributes = {
					2AEDEDB92547C99300F24680 = {
						CreatedOnToolsVersion = 12.1;
					};
					2AEDEDCF2547C99600F24680 = {
						CreatedOnToolsVersion = 12.1;
						TestTargetID = 2AEDEDB92547C99300F24680;
					};
					2AEDEDDA2547C99600F24680 = {
						CreatedOnToolsVersion = 12.1;
						TestTargetID = 2AEDEDB92547C99300F24680;
					};
				};
			};
			buildConfigurationList = 2AEDEDB52547C99300F24680 /* Build configuration list for PBXProject "PushMessengerExample" */;
			compatibilityVersion = "Xcode 9.3";
			developmentRegion = en;
			hasScannedForEncodings = 0;
			knownRegions = (
				en,
				Base,
			);
			mainGroup = 2AEDEDB12547C99300F24680;
			productRefGroup = 2AEDEDBB2547C99300F24680 /* Products */;
			projectDirPath = "";
			projectRoot = "";
			targets = (
				2AEDEDB92547C99300F24680 /* PushMessengerExample */,
				2AEDEDCF2547C99600F24680 /* PushMessengerExampleTests */,
				2AEDEDDA2547C99600F24680 /* PushMessengerExampleUITests */,
			);
		};
/* End PBXProject section */

/* Begin PBXResourcesBuildPhase section */
		2AEDEDB82547C99300F24680 /* Resources */ = {
			isa = PBXResourcesBuildPhase;
			buildActionMask = 2147483647;
			files = (
				2AEDEDCA2547C99600F24680 /* LaunchScreen.storyboard in Resources */,
				2AEDEDC72547C99600F24680 /* Assets.xcassets in Resources */,
				2AEDEDC52547C99300F24680 /* Main.storyboard in Resources */,
			);
			runOnlyForDeploymentPostprocessing = 0;
		};
		2AEDEDCE2547C99600F24680 /* Resources */ = {
			isa = PBXResourcesBuildPhase;
			buildActionMask = 2147483647;
			files = (
			);
			runOnlyForDeploymentPostprocessing = 0;
		};
		2AEDEDD92547C99600F24680 /* Resources */ = {
			isa = PBXResourcesBuildPhase;
			buildActionMask = 2147483647;
			files = (
			);
			runOnlyForDeploymentPostprocessing = 0;
		};
/* End PBXResourcesBuildPhase section */

/* Begin PBXSourcesBuildPhase section */
		2AEDEDB62547C99300F24680 /* Sources */ = {
			isa = PBXSourcesBuildPhase;
			buildActionMask = 2147483647;
			files = (
				2AEDEDC22547C99300F24680 /* ViewController.swift in Sources */,
				2AEDEDBE2547C99300F24680 /* AppDelegate.swift in Sources */,
				2AEDEDC02547C99300F24680 /* SceneDelegate.swift in Sources */,
			);
			runOnlyForDeploymentPostprocessing = 0;
		};
		2AEDEDCC2547C99600F24680 /* Sources */ = {
			isa = PBXSourcesBuildPhase;
			buildActionMask = 2147483647;
			files = (
				2AEDEDD52547C99600F24680 /* PushMessengerExampleTests.swift in Sources */,
			);
			runOnlyForDeploymentPostprocessing = 0;
		};
		2AEDEDD72547C99600F24680 /* Sources */ = {
			isa = PBXSourcesBuildPhase;
			buildActionMask = 2147483647;
			files = (
				2AEDEDE02547C99600F24680 /* PushMessengerExampleUITests.swift in Sources */,
			);
			runOnlyForDeploymentPostprocessing = 0;
		};
/* End PBXSourcesBuildPhase section */

/* Begin PBXTargetDependency section */
		2AEDEDD22547C99600F24680 /* PBXTargetDependency */ = {
			isa = PBXTargetDependency;
			target = 2AEDEDB92547C99300F24680 /* PushMessengerExample */;
			targetProxy = 2AEDEDD12547C99600F24680 /* PBXContainerItemProxy */;
		};
		2AEDEDDD2547C99600F24680 /* PBXTargetDependency */ = {
			isa = PBXTargetDependency;
			target = 2AEDEDB92547C99300F24680 /* PushMessengerExample */;
			targetProxy = 2AEDEDDC2547C99600F24680 /* PBXContainerItemProxy */;
		};
/* End PBXTargetDependency section */

/* Begin PBXVariantGroup section */
		2AEDEDC32547C99300F24680 /* Main.storyboard */ = {
			isa = PBXVariantGroup;
			children = (
				2AEDEDC42547C99300F24680 /* Base */,
			);
			name = Main.storyboard;
			sourceTree = "<group>";
		};
		2AEDEDC82547C99600F24680 /* LaunchScreen.storyboard */ = {
			isa = PBXVariantGroup;
			children = (
				2AEDEDC92547C99600F24680 /* Base */,
			);
			name = LaunchScreen.storyboard;
			sourceTree = "<group>";
		};
/* End PBXVariantGroup section */

/* Begin XCBuildConfiguration section */
		2AEDEDE22547C99600F24680 /* Debug */ = {
			isa = XCBuildConfiguration;
			buildSettings = {
				ALWAYS_SEARCH_USER_PATHS = NO;
				CLANG_ANALYZER_NONNULL = YES;
				CLANG_ANALYZER_NUMBER_OBJECT_CONVERSION = YES_AGGRESSIVE;
				CLANG_CXX_LANGUAGE_STANDARD = "gnu++14";
				CLANG_CXX_LIBRARY = "libc++";
				CLANG_ENABLE_MODULES = YES;
				CLANG_ENABLE_OBJC_ARC = YES;
				CLANG_ENABLE_OBJC_WEAK = YES;
				CLANG_WARN_BLOCK_CAPTURE_AUTORELEASING = YES;
				CLANG_WARN_BOOL_CONVERSION = YES;
				CLANG_WARN_COMMA = YES;
				CLANG_WARN_CONSTANT_CONVERSION = YES;
				CLANG_WARN_DEPRECATED_OBJC_IMPLEMENTATIONS = YES;
				CLANG_WARN_DIRECT_OBJC_ISA_USAGE = YES_ERROR;
				CLANG_WARN_DOCUMENTATION_COMMENTS = YES;
				CLANG_WARN_EMPTY_BODY = YES;
				CLANG_WARN_ENUM_CONVERSION = YES;
				CLANG_WARN_INFINITE_RECURSION = YES;
				CLANG_WARN_INT_CONVERSION = YES;
				CLANG_WARN_NON_LITERAL_NULL_CONVERSION = YES;
				CLANG_WARN_OBJC_IMPLICIT_RETAIN_SELF = YES;
				CLANG_WARN_OBJC_LITERAL_CONVERSION = YES;
				CLANG_WARN_OBJC_ROOT_CLASS = YES_ERROR;
				CLANG_WARN_QUOTED_INCLUDE_IN_FRAMEWORK_HEADER = YES;
				CLANG_WARN_RANGE_LOOP_ANALYSIS = YES;
				CLANG_WARN_STRICT_PROTOTYPES = YES;
				CLANG_WARN_SUSPICIOUS_MOVE = YES;
				CLANG_WARN_UNGUARDED_AVAILABILITY = YES_AGGRESSIVE;
				CLANG_WARN_UNREACHABLE_CODE = YES;
				CLANG_WARN__DUPLICATE_METHOD_MATCH = YES;
				COPY_PHASE_STRIP = NO;
				DEBUG_INFORMATION_FORMAT = dwarf;
				ENABLE_STRICT_OBJC_MSGSEND = YES;
				ENABLE_TESTABILITY = YES;
				GCC_C_LANGUAGE_STANDARD = gnu11;
				GCC_DYNAMIC_NO_PIC = NO;
				GCC_NO_COMMON_BLOCKS = YES;
				GCC_OPTIMIZATION_LEVEL = 0;
				GCC_PREPROCESSOR_DEFINITIONS = (
					"DEBUG=1",
					"$(inherited)",
				);
				GCC_WARN_64_TO_32_BIT_CONVERSION = YES;
				GCC_WARN_ABOUT_RETURN_TYPE = YES_ERROR;
				GCC_WARN_UNDECLARED_SELECTOR = YES;
				GCC_WARN_UNINITIALIZED_AUTOS = YES_AGGRESSIVE;
				GCC_WARN_UNUSED_FUNCTION = YES;
				GCC_WARN_UNUSED_VARIABLE = YES;
				IPHONEOS_DEPLOYMENT_TARGET = 14.1;
				MTL_ENABLE_DEBUG_INFO = INCLUDE_SOURCE;
				MTL_FAST_MATH = YES;
				ONLY_ACTIVE_ARCH = YES;
				SDKROOT = iphoneos;
				SWIFT_ACTIVE_COMPILATION_CONDITIONS = DEBUG;
				SWIFT_OPTIMIZATION_LEVEL = "-Onone";
			};
			name = Debug;
		};
		2AEDEDE32547C99600F24680 /* Release */ = {
			isa = XCBuildConfiguration;
			buildSettings = {
				ALWAYS_SEARCH_USER_PATHS = NO;
				CLANG_ANALYZER_NONNULL = YES;
				CLANG_ANALYZER_NUMBER_OBJECT_CONVERSION = YES_AGGRESSIVE;
				CLANG_CXX_LANGUAGE_STANDARD = "gnu++14";
				CLANG_CXX_LIBRARY = "libc++";
				CLANG_ENABLE_MODULES = YES;
				CLANG_ENABLE_OBJC_ARC = YES;
				CLANG_ENABLE_OBJC_WEAK = YES;
				CLANG_WARN_BLOCK_CAPTURE_AUTORELEASING = YES;
				CLANG_WARN_BOOL_CONVERSION = YES;
				CLANG_WARN_COMMA = YES;
				CLANG_WARN_CONSTANT_CONVERSION = YES;
				CLANG_WARN_DEPRECATED_OBJC_IMPLEMENTATIONS = YES;
				CLANG_WARN_DIRECT_OBJC_ISA_USAGE = YES_ERROR;
				CLANG_WARN_DOCUMENTATION_COMMENTS = YES;
				CLANG_WARN_EMPTY_BODY = YES;
				CLANG_WARN_ENUM_CONVERSION = YES;
				CLANG_WARN_INFINITE_RECURSION = YES;
				CLANG_WARN_INT_CONVERSION = YES;
				CLANG_WARN_NON_LITERAL_NULL_CONVERSION = YES;
				CLANG_WARN_OBJC_IMPLICIT_RETAIN_SELF = YES;
				CLANG_WARN_OBJC_LITERAL_CONVERSION = YES;
				CLANG_WARN_OBJC_ROOT_CLASS = YES_ERROR;
				CLANG_WARN_QUOTED_INCLUDE_IN_FRAMEWORK_HEADER = YES;
				CLANG_WARN_RANGE_LOOP_ANALYSIS = YES;
				CLANG_WARN_STRICT_PROTOTYPES = YES;
				CLANG_WARN_SUSPICIOUS_MOVE = YES;
				CLANG_WARN_UNGUARDED_AVAILABILITY = YES_AGGRESSIVE;
				CLANG_WARN_UNREACHABLE_CODE = YES;
				CLANG_WARN__DUPLICATE_METHOD_MATCH = YES;
				COPY_PHASE_STRIP = NO;
				DEBUG_INFORMATION_FORMAT = "dwarf-with-dsym";
				ENABLE_NS_ASSERTIONS = NO;
				ENABLE_STRICT_OBJC_MSGSEND = YES;
				GCC_C_LANGUAGE_STANDARD = gnu11;
				GCC_NO_COMMON_BLOCKS = YES;
				GCC_WARN_64_TO_32_BIT_CONVERSION = YES;
				GCC_WARN_ABOUT_RETURN_TYPE = YES_ERROR;
				GCC_WARN_UNDECLARED_SELECTOR = YES;
				GCC_WARN_UNINITIALIZED_AUTOS = YES_AGGRESSIVE;
				GCC_WARN_UNUSED_FUNCTION = YES;
				GCC_WARN_UNUSED_VARIABLE = YES;
				IPHONEOS_DEPLOYMENT_TARGET = 14.1;
				MTL_ENABLE_DEBUG_INFO = NO;
				MTL_FAST_MATH = YES;
				SDKROOT = iphoneos;
				SWIFT_COMPILATION_MODE = wholemodule;
				SWIFT_OPTIMIZATION_LEVEL = "-O";
				VALIDATE_PRODUCT = YES;
			};
			name = Release;
		};
		2AEDEDE52547C99600F24680 /* Debug */ = {
			isa = XCBuildConfiguration;
			buildSettings = {
				ASSETCATALOG_COMPILER_APPICON_NAME = AppIcon;
				ASSETCATALOG_COMPILER_GLOBAL_ACCENT_COLOR_NAME = AccentColor;
				CODE_SIGN_STYLE = Automatic;
				DEVELOPMENT_TEAM = 648A54N3LD;
				INFOPLIST_FILE = PushMessengerExample/Info.plist;
				LD_RUNPATH_SEARCH_PATHS = (
					"$(inherited)",
					"@executable_path/Frameworks",
				);
				PRODUCT_BUNDLE_IDENTIFIER = com.MarutouCompack.PushMessengerExample.PushMessengerExample;
				PRODUCT_NAME = "$(TARGET_NAME)";
				SWIFT_VERSION = 5.0;
				TARGETED_DEVICE_FAMILY = "1,2";
			};
			name = Debug;
		};
		2AEDEDE62547C99600F24680 /* Release */ = {
			isa = XCBuildConfiguration;
			buildSettings = {
				ASSETCATALOG_COMPILER_APPICON_NAME = AppIcon;
				ASSETCATALOG_COMPILER_GLOBAL_ACCENT_COLOR_NAME = AccentColor;
				CODE_SIGN_STYLE = Automatic;
				DEVELOPMENT_TEAM = 648A54N3LD;
				INFOPLIST_FILE = PushMessengerExample/Info.plist;
				LD_RUNPATH_SEARCH_PATHS = (
					"$(inherited)",
					"@executable_path/Frameworks",
				);
				PRODUCT_BUNDLE_IDENTIFIER = com.MarutouCompack.PushMessengerExample.PushMessengerExample;
				PRODUCT_NAME = "$(TARGET_NAME)";
				SWIFT_VERSION = 5.0;
				TARGETED_DEVICE_FAMILY = "1,2";
			};
			name = Release;
		};
		2AEDEDE82547C99600F24680 /* Debug */ = {
			isa = XCBuildConfiguration;
			buildSettings = {
				ALWAYS_EMBED_SWIFT_STANDARD_LIBRARIES = YES;
				BUNDLE_LOADER = "$(TEST_HOST)";
				CODE_SIGN_STYLE = Automatic;
				DEVELOPMENT_TEAM = 648A54N3LD;
				INFOPLIST_FILE = PushMessengerExampleTests/Info.plist;
				IPHONEOS_DEPLOYMENT_TARGET = 14.1;
				LD_RUNPATH_SEARCH_PATHS = (
					"$(inherited)",
					"@executable_path/Frameworks",
					"@loader_path/Frameworks",
				);
				PRODUCT_BUNDLE_IDENTIFIER = com.MarutouCompack.PushMessengerExample.PushMessengerExampleTests;
				PRODUCT_NAME = "$(TARGET_NAME)";
				SWIFT_VERSION = 5.0;
				TARGETED_DEVICE_FAMILY = "1,2";
				TEST_HOST = "$(BUILT_PRODUCTS_DIR)/PushMessengerExample.app/PushMessengerExample";
			};
			name = Debug;
		};
		2AEDEDE92547C99600F24680 /* Release */ = {
			isa = XCBuildConfiguration;
			buildSettings = {
				ALWAYS_EMBED_SWIFT_STANDARD_LIBRARIES = YES;
				BUNDLE_LOADER = "$(TEST_HOST)";
				CODE_SIGN_STYLE = Automatic;
				DEVELOPMENT_TEAM = 648A54N3LD;
				INFOPLIST_FILE = PushMessengerExampleTests/Info.plist;
				IPHONEOS_DEPLOYMENT_TARGET = 14.1;
				LD_RUNPATH_SEARCH_PATHS = (
					"$(inherited)",
					"@executable_path/Frameworks",
					"@loader_path/Frameworks",
				);
				PRODUCT_BUNDLE_IDENTIFIER = com.MarutouCompack.PushMessengerExample.PushMessengerExampleTests;
				PRODUCT_NAME = "$(TARGET_NAME)";
				SWIFT_VERSION = 5.0;
				TARGETED_DEVICE_FAMILY = "1,2";
				TEST_HOST = "$(BUILT_PRODUCTS_DIR)/PushMessengerExample.app/PushMessengerExample";
			};
			name = Release;
		};
		2AEDEDEB2547C99600F24680 /* Debug */ = {
			isa = XCBuildConfiguration;
			buildSettings = {
				ALWAYS_EMBED_SWIFT_STANDARD_LIBRARIES = YES;
				CODE_SIGN_STYLE = Automatic;
				DEVELOPMENT_TEAM = 648A54N3LD;
				INFOPLIST_FILE = PushMessengerExampleUITests/Info.plist;
				LD_RUNPATH_SEARCH_PATHS = (
					"$(inherited)",
					"@executable_path/Frameworks",
					"@loader_path/Frameworks",
				);
				PRODUCT_BUNDLE_IDENTIFIER = com.MarutouCompack.PushMessengerExample.PushMessengerExampleUITests;
				PRODUCT_NAME = "$(TARGET_NAME)";
				SWIFT_VERSION = 5.0;
				TARGETED_DEVICE_FAMILY = "1,2";
				TEST_TARGET_NAME = PushMessengerExample;
			};
			name = Debug;
		};
		2AEDEDEC2547C99600F24680 /* Release */ = {
			isa = XCBuildConfiguration;
			buildSettings = {
				ALWAYS_EMBED_SWIFT_STANDARD_LIBRARIES = YES;
				CODE_SIGN_STYLE = Automatic;
				DEVELOPMENT_TEAM = 648A54N3LD;
				INFOPLIST_FILE = PushMessengerExampleUITests/Info.plist;
				LD_RUNPATH_SEARCH_PATHS = (
					"$(inherited)",
					"@executable_path/Frameworks",
					"@loader_path/Frameworks",
				);
				PRODUCT_BUNDLE_IDENTIFIER = com.MarutouCompack.PushMessengerExample.PushMessengerExampleUITests;
				PRODUCT_NAME = "$(TARGET_NAME)";
				SWIFT_VERSION = 5.0;
				TARGETED_DEVICE_FAMILY = "1,2";
				TEST_TARGET_NAME = PushMessengerExample;
			};
			name = Release;
		};
/* End XCBuildConfiguration section */

/* Begin XCConfigurationList section */
		2AEDEDB52547C99300F24680 /* Build configuration list for PBXProject "PushMessengerExample" */ = {
			isa = XCConfigurationList;
			buildConfigurations = (
				2AEDEDE22547C99600F24680 /* Debug */,
				2AEDEDE32547C99600F24680 /* Release */,
			);
			defaultConfigurationIsVisible = 0;
			defaultConfigurationName = Release;
		};
		2AEDEDE42547C99600F24680 /* Build configuration list for PBXNativeTarget "PushMessengerExample" */ = {
			isa = XCConfigurationList;
			buildConfigurations = (
				2AEDEDE52547C99600F24680 /* Debug */,
				2AEDEDE62547C99600F24680 /* Release */,
			);
			defaultConfigurationIsVisible = 0;
			defaultConfigurationName = Release;
		};
		2AEDEDE72547C99600F24680 /* Build configuration list for PBXNativeTarget "PushMessengerExampleTests" */ = {
			isa = XCConfigurationList;
			buildConfigurations = (
				2AEDEDE82547C99600F24680 /* Debug */,
				2AEDEDE92547C99600F24680 /* Release */,
			);
			defaultConfigurationIsVisible = 0;
			defaultConfigurationName = Release;
		};
		2AEDEDEA2547C99600F24680 /* Build configuration list for PBXNativeTarget "PushMessengerExampleUITests" */ = {
			isa = XCConfigurationList;
			buildConfigurations = (
				2AEDEDEB2547C99600F24680 /* Debug */,
				2AEDEDEC2547C99600F24680 /* Release */,
			);
			defaultConfigurationIsVisible = 0;
			defaultConfigurationName = Release;
		};
/* End XCConfigurationList section */
	};
	rootObject = 2AEDEDB22547C99300F24680 /* Project object */;
}
